# THIS IS AN AUTOGENERATED FILE. DO NOT EDIT THIS FILE DIRECTLY.
# yarn lockfile v1


"@supersami/rn-foreground-service@https://github.com/z1digitalstudio/rn-foreground-service.git":
  version "2.1.0"
  resolved "https://github.com/z1digitalstudio/rn-foreground-service.git#1ab7d1f99ae840f0a08d347de441cd07c9d77046"
